
Microsoft Visual Studio Solution File, Format Version 12.00
# Visual Studio Version 17
VisualStudioVersion = 17.8.34525.116
MinimumVisualStudioVersion = 10.0.40219.1
Project("{9A19103F-16F7-4668-BE54-9A1E7A4F7556}") = "InnovaWideTest.API", "InnovaWideTest\InnovaWideTest.API.csproj", "{69343B66-AA90-4835-AAD7-997A97F704B0}"
EndProject
Project("{FAE04EC0-301F-11D3-BF4B-00C04F79EFBC}") = "InnovaWideTest.Application", "InnovaWideTest.Application\InnovaWideTest.Application.csproj", "{3B7DE3B5-F745-43A7-92D5-16CFAB8EE941}"
EndProject
Project("{FAE04EC0-301F-11D3-BF4B-00C04F79EFBC}") = "InnovaWideTest.Domain", "InnovaWideTest.Domain\InnovaWideTest.Domain.csproj", "{055BB8D5-EDDC-4D18-B6A0-C03E5DEE72A6}"
EndProject
Project("{FAE04EC0-301F-11D3-BF4B-00C04F79EFBC}") = "InnovaWideTest.Infrastructure", "InnovaWideTest.Infrastructure\InnovaWideTest.Infrastructure.csproj", "{EF69A026-659F-4A33-BC05-3254EB7B7297}"
EndProject
Global
	GlobalSection(SolutionConfigurationPlatforms) = preSolution
		Debug|Any CPU = Debug|Any CPU
		Release|Any CPU = Release|Any CPU
	EndGlobalSection
	GlobalSection(ProjectConfigurationPlatforms) = postSolution
		{69343B66-AA90-4835-AAD7-997A97F704B0}.Debug|Any CPU.ActiveCfg = Debug|Any CPU
		{69343B66-AA90-4835-AAD7-997A97F704B0}.Debug|Any CPU.Build.0 = Debug|Any CPU
		{69343B66-AA90-4835-AAD7-997A97F704B0}.Release|Any CPU.ActiveCfg = Release|Any CPU
		{69343B66-AA90-4835-AAD7-997A97F704B0}.Release|Any CPU.Build.0 = Release|Any CPU
		{3B7DE3B5-F745-43A7-92D5-16CFAB8EE941}.Debug|Any CPU.ActiveCfg = Debug|Any CPU
		{3B7DE3B5-F745-43A7-92D5-16CFAB8EE941}.Debug|Any CPU.Build.0 = Debug|Any CPU
		{3B7DE3B5-F745-43A7-92D5-16CFAB8EE941}.Release|Any CPU.ActiveCfg = Release|Any CPU
		{3B7DE3B5-F745-43A7-92D5-16CFAB8EE941}.Release|Any CPU.Build.0 = Release|Any CPU
		{055BB8D5-EDDC-4D18-B6A0-C03E5DEE72A6}.Debug|Any CPU.ActiveCfg = Debug|Any CPU
		{055BB8D5-EDDC-4D18-B6A0-C03E5DEE72A6}.Debug|Any CPU.Build.0 = Debug|Any CPU
		{055BB8D5-EDDC-4D18-B6A0-C03E5DEE72A6}.Release|Any CPU.ActiveCfg = Release|Any CPU
		{055BB8D5-EDDC-4D18-B6A0-C03E5DEE72A6}.Release|Any CPU.Build.0 = Release|Any CPU
		{EF69A026-659F-4A33-BC05-3254EB7B7297}.Debug|Any CPU.ActiveCfg = Debug|Any CPU
		{EF69A026-659F-4A33-BC05-3254EB7B7297}.Debug|Any CPU.Build.0 = Debug|Any CPU
		{EF69A026-659F-4A33-BC05-3254EB7B7297}.Release|Any CPU.ActiveCfg = Release|Any CPU
		{EF69A026-659F-4A33-BC05-3254EB7B7297}.Release|Any CPU.Build.0 = Release|Any CPU
	EndGlobalSection
	GlobalSection(SolutionProperties) = preSolution
		HideSolutionNode = FALSE
	EndGlobalSection
	GlobalSection(ExtensibilityGlobals) = postSolution
		SolutionGuid = {4B945624-8D1F-40B4-BBC9-3A3735270C6F}
	EndGlobalSection
EndGlobal
